
Microsoft Visual Studio Solution File, Format Version 12.00
# Visual Studio Version 17
VisualStudioVersion = 17.4.33205.214
MinimumVisualStudioVersion = 10.0.40219.1
Project("{FAE04EC0-301F-11D3-BF4B-00C04F79EFBC}") = "ImprimirMenu1", "ImprimirMenu1\ImprimirMenu1.csproj", "{31EB4FE5-8170-409A-9665-CD864F68D644}"
EndProject
Global
	GlobalSection(SolutionConfigurationPlatforms) = preSolution
		Debug|Any CPU = Debug|Any CPU
		Release|Any CPU = Release|Any CPU
	EndGlobalSection
	GlobalSection(ProjectConfigurationPlatforms) = postSolution
		{31EB4FE5-8170-409A-9665-CD864F68D644}.Debug|Any CPU.ActiveCfg = Debug|Any CPU
		{31EB4FE5-8170-409A-9665-CD864F68D644}.Debug|Any CPU.Build.0 = Debug|Any CPU
		{31EB4FE5-8170-409A-9665-CD864F68D644}.Release|Any CPU.ActiveCfg = Release|Any CPU
		{31EB4FE5-8170-409A-9665-CD864F68D644}.Release|Any CPU.Build.0 = Release|Any CPU
	EndGlobalSection
	GlobalSection(SolutionProperties) = preSolution
		HideSolutionNode = FALSE
	EndGlobalSection
	GlobalSection(ExtensibilityGlobals) = postSolution
		SolutionGuid = {4EB25251-52CB-4AC7-9B2B-4E35C8891A15}
	EndGlobalSection
EndGlobal
